
Microsoft Visual Studio Solution File, Format Version 12.00
# Visual Studio Version 17
VisualStudioVersion = 17.13.35818.85 d17.13
MinimumVisualStudioVersion = 10.0.40219.1
Project("{FAE04EC0-301F-11D3-BF4B-00C04F79EFBC}") = "EventService", "EventService.csproj", "{F8379100-08D0-4854-8F23-59FCB88A9497}"
EndProject
Global
	GlobalSection(SolutionConfigurationPlatforms) = preSolution
		Debug|Any CPU = Debug|Any CPU
		Release|Any CPU = Release|Any CPU
	EndGlobalSection
	GlobalSection(ProjectConfigurationPlatforms) = postSolution
		{F8379100-08D0-4854-8F23-59FCB88A9497}.Debug|Any CPU.ActiveCfg = Debug|Any CPU
		{F8379100-08D0-4854-8F23-59FCB88A9497}.Debug|Any CPU.Build.0 = Debug|Any CPU
		{F8379100-08D0-4854-8F23-59FCB88A9497}.Release|Any CPU.ActiveCfg = Release|Any CPU
		{F8379100-08D0-4854-8F23-59FCB88A9497}.Release|Any CPU.Build.0 = Release|Any CPU
	EndGlobalSection
	GlobalSection(SolutionProperties) = preSolution
		HideSolutionNode = FALSE
	EndGlobalSection
	GlobalSection(ExtensibilityGlobals) = postSolution
		SolutionGuid = {3F41C88B-EF54-4C7B-AED2-D42D3AD26354}
	EndGlobalSection
EndGlobal
